
Microsoft Visual Studio Solution File, Format Version 12.00
# Visual Studio 2013
VisualStudioVersion = 12.0.40629.0
MinimumVisualStudioVersion = 10.0.40219.1
Project("{FAE04EC0-301F-11D3-BF4B-00C04F79EFBC}") = "calculator", "calculator\calculator.csproj", "{A9BBC6C5-B507-4DDE-B020-816851FC2FB6}"
EndProject
Project("{FAE04EC0-301F-11D3-BF4B-00C04F79EFBC}") = "calculator.Tests", "calculatorTest\calculator.Tests.csproj", "{13686901-81B5-4C51-A793-1C40CC04B224}"
EndProject
Global
	GlobalSection(SolutionConfigurationPlatforms) = preSolution
		Debug|Any CPU = Debug|Any CPU
		Release|Any CPU = Release|Any CPU
	EndGlobalSection
	GlobalSection(ProjectConfigurationPlatforms) = postSolution
		{A9BBC6C5-B507-4DDE-B020-816851FC2FB6}.Debug|Any CPU.ActiveCfg = Debug|Any CPU
		{A9BBC6C5-B507-4DDE-B020-816851FC2FB6}.Debug|Any CPU.Build.0 = Debug|Any CPU
		{A9BBC6C5-B507-4DDE-B020-816851FC2FB6}.Release|Any CPU.ActiveCfg = Release|Any CPU
		{A9BBC6C5-B507-4DDE-B020-816851FC2FB6}.Release|Any CPU.Build.0 = Release|Any CPU
		{13686901-81B5-4C51-A793-1C40CC04B224}.Debug|Any CPU.ActiveCfg = Debug|Any CPU
		{13686901-81B5-4C51-A793-1C40CC04B224}.Debug|Any CPU.Build.0 = Debug|Any CPU
		{13686901-81B5-4C51-A793-1C40CC04B224}.Release|Any CPU.ActiveCfg = Release|Any CPU
		{13686901-81B5-4C51-A793-1C40CC04B224}.Release|Any CPU.Build.0 = Release|Any CPU
	EndGlobalSection
	GlobalSection(SolutionProperties) = preSolution
		HideSolutionNode = FALSE
	EndGlobalSection
EndGlobal
